
Microsoft Visual Studio Solution File, Format Version 12.00
Project("{FAE04EC0-301F-11D3-BF4B-00C04F79EFBC}") = "Client", "Client\Client.csproj", "{D2523E54-E471-4427-944F-F5210484EB29}"
EndProject
Project("{FAE04EC0-301F-11D3-BF4B-00C04F79EFBC}") = "GrainInterfaces", "GrainInterfaces\GrainInterfaces.csproj", "{B87BCEA6-99DE-4133-94A0-E07B3FBFF935}"
EndProject
Project("{FAE04EC0-301F-11D3-BF4B-00C04F79EFBC}") = "Grains", "Grains\Grains.csproj", "{CAAF1171-23A3-46B5-8DE4-CE699CF1AF6F}"
EndProject
Project("{FAE04EC0-301F-11D3-BF4B-00C04F79EFBC}") = "Silo", "Silo\Silo.csproj", "{58C1E878-9255-4BEE-95DE-024408E32086}"
EndProject
Project("{2150E333-8FDC-42A3-9474-1A3956D46DE8}") = "Solution Items", "Solution Items", "{51DB8096-17F0-4BFD-98A2-D6DEAC3E95D9}"
	ProjectSection(SolutionItems) = preProject
		README.md = README.md
		docker-compose.yaml = docker-compose.yaml
	EndProjectSection
EndProject
Global
	GlobalSection(SolutionConfigurationPlatforms) = preSolution
		Debug|Any CPU = Debug|Any CPU
		Release|Any CPU = Release|Any CPU
	EndGlobalSection
	GlobalSection(ProjectConfigurationPlatforms) = postSolution
		{D2523E54-E471-4427-944F-F5210484EB29}.Debug|Any CPU.ActiveCfg = Debug|Any CPU
		{D2523E54-E471-4427-944F-F5210484EB29}.Debug|Any CPU.Build.0 = Debug|Any CPU
		{D2523E54-E471-4427-944F-F5210484EB29}.Release|Any CPU.ActiveCfg = Release|Any CPU
		{D2523E54-E471-4427-944F-F5210484EB29}.Release|Any CPU.Build.0 = Release|Any CPU
		{B87BCEA6-99DE-4133-94A0-E07B3FBFF935}.Debug|Any CPU.ActiveCfg = Debug|Any CPU
		{B87BCEA6-99DE-4133-94A0-E07B3FBFF935}.Debug|Any CPU.Build.0 = Debug|Any CPU
		{B87BCEA6-99DE-4133-94A0-E07B3FBFF935}.Release|Any CPU.ActiveCfg = Release|Any CPU
		{B87BCEA6-99DE-4133-94A0-E07B3FBFF935}.Release|Any CPU.Build.0 = Release|Any CPU
		{CAAF1171-23A3-46B5-8DE4-CE699CF1AF6F}.Debug|Any CPU.ActiveCfg = Debug|Any CPU
		{CAAF1171-23A3-46B5-8DE4-CE699CF1AF6F}.Debug|Any CPU.Build.0 = Debug|Any CPU
		{CAAF1171-23A3-46B5-8DE4-CE699CF1AF6F}.Release|Any CPU.ActiveCfg = Release|Any CPU
		{CAAF1171-23A3-46B5-8DE4-CE699CF1AF6F}.Release|Any CPU.Build.0 = Release|Any CPU
		{58C1E878-9255-4BEE-95DE-024408E32086}.Debug|Any CPU.ActiveCfg = Debug|Any CPU
		{58C1E878-9255-4BEE-95DE-024408E32086}.Debug|Any CPU.Build.0 = Debug|Any CPU
		{58C1E878-9255-4BEE-95DE-024408E32086}.Release|Any CPU.ActiveCfg = Release|Any CPU
		{58C1E878-9255-4BEE-95DE-024408E32086}.Release|Any CPU.Build.0 = Release|Any CPU
	EndGlobalSection
EndGlobal
