
Microsoft Visual Studio Solution File, Format Version 12.00
Project("{FAE04EC0-301F-11D3-BF4B-00C04F79EFBC}") = "Silo", "Silo\Silo.csproj", "{0A44CCCE-BD31-42F4-80FB-8FE976A25285}"
EndProject
Global
	GlobalSection(SolutionConfigurationPlatforms) = preSolution
		Debug|Any CPU = Debug|Any CPU
		Release|Any CPU = Release|Any CPU
	EndGlobalSection
	GlobalSection(ProjectConfigurationPlatforms) = postSolution
		{0A44CCCE-BD31-42F4-80FB-8FE976A25285}.Debug|Any CPU.ActiveCfg = Debug|Any CPU
		{0A44CCCE-BD31-42F4-80FB-8FE976A25285}.Debug|Any CPU.Build.0 = Debug|Any CPU
		{0A44CCCE-BD31-42F4-80FB-8FE976A25285}.Release|Any CPU.ActiveCfg = Release|Any CPU
		{0A44CCCE-BD31-42F4-80FB-8FE976A25285}.Release|Any CPU.Build.0 = Release|Any CPU
	EndGlobalSection
EndGlobal
